
Microsoft Visual Studio Solution File, Format Version 11.00
# Visual C# Express 2010
Project("{FAE04EC0-301F-11D3-BF4B-00C04F79EFBC}") = "RoboticNaturalUserInterface", "RoboticNaturalUserInterface\RoboticNaturalUserInterface.csproj", "{0109AB12-ED7A-41C9-813B-32A110759E54}"
EndProject
Project("{FAE04EC0-301F-11D3-BF4B-00C04F79EFBC}") = "Utilities", "MessagingUtilities\Utilities.csproj", "{BA547776-CFDE-4BD1-BA91-1C8803DE41AA}"
EndProject
Global
	GlobalSection(SolutionConfigurationPlatforms) = preSolution
		Debug|Any CPU = Debug|Any CPU
		Debug|Mixed Platforms = Debug|Mixed Platforms
		Debug|x86 = Debug|x86
		Release|Any CPU = Release|Any CPU
		Release|Mixed Platforms = Release|Mixed Platforms
		Release|x86 = Release|x86
	EndGlobalSection
	GlobalSection(ProjectConfigurationPlatforms) = postSolution
		{0109AB12-ED7A-41C9-813B-32A110759E54}.Debug|Any CPU.ActiveCfg = Debug|x86
		{0109AB12-ED7A-41C9-813B-32A110759E54}.Debug|Mixed Platforms.ActiveCfg = Debug|x86
		{0109AB12-ED7A-41C9-813B-32A110759E54}.Debug|Mixed Platforms.Build.0 = Debug|x86
		{0109AB12-ED7A-41C9-813B-32A110759E54}.Debug|x86.ActiveCfg = Debug|x86
		{0109AB12-ED7A-41C9-813B-32A110759E54}.Debug|x86.Build.0 = Debug|x86
		{0109AB12-ED7A-41C9-813B-32A110759E54}.Release|Any CPU.ActiveCfg = Release|x86
		{0109AB12-ED7A-41C9-813B-32A110759E54}.Release|Mixed Platforms.ActiveCfg = Release|x86
		{0109AB12-ED7A-41C9-813B-32A110759E54}.Release|Mixed Platforms.Build.0 = Release|x86
		{0109AB12-ED7A-41C9-813B-32A110759E54}.Release|x86.ActiveCfg = Release|x86
		{0109AB12-ED7A-41C9-813B-32A110759E54}.Release|x86.Build.0 = Release|x86
		{BA547776-CFDE-4BD1-BA91-1C8803DE41AA}.Debug|Any CPU.ActiveCfg = Debug|Any CPU
		{BA547776-CFDE-4BD1-BA91-1C8803DE41AA}.Debug|Any CPU.Build.0 = Debug|Any CPU
		{BA547776-CFDE-4BD1-BA91-1C8803DE41AA}.Debug|Mixed Platforms.ActiveCfg = Debug|Any CPU
		{BA547776-CFDE-4BD1-BA91-1C8803DE41AA}.Debug|Mixed Platforms.Build.0 = Debug|Any CPU
		{BA547776-CFDE-4BD1-BA91-1C8803DE41AA}.Debug|x86.ActiveCfg = Debug|Any CPU
		{BA547776-CFDE-4BD1-BA91-1C8803DE41AA}.Release|Any CPU.ActiveCfg = Release|Any CPU
		{BA547776-CFDE-4BD1-BA91-1C8803DE41AA}.Release|Any CPU.Build.0 = Release|Any CPU
		{BA547776-CFDE-4BD1-BA91-1C8803DE41AA}.Release|Mixed Platforms.ActiveCfg = Release|Any CPU
		{BA547776-CFDE-4BD1-BA91-1C8803DE41AA}.Release|Mixed Platforms.Build.0 = Release|Any CPU
		{BA547776-CFDE-4BD1-BA91-1C8803DE41AA}.Release|x86.ActiveCfg = Release|Any CPU
	EndGlobalSection
	GlobalSection(SolutionProperties) = preSolution
		HideSolutionNode = FALSE
	EndGlobalSection
EndGlobal
